
Microsoft Visual Studio Solution File, Format Version 12.00
# Visual Studio 15
VisualStudioVersion = 15.0.28307.757
MinimumVisualStudioVersion = 10.0.40219.1
Project("{FAE04EC0-301F-11D3-BF4B-00C04F79EFBC}") = "TcpPressureTest.Win", "TcpPressureTest.Win\TcpPressureTest.Win.csproj", "{BA26AC21-07A0-4D41-AEB3-4124A1DED22F}"
EndProject
Project("{FAE04EC0-301F-11D3-BF4B-00C04F79EFBC}") = "TcpPressureTest.Server", "TcpPressureTest.Server\TcpPressureTest.Server.csproj", "{0F2DE26F-7458-46DB-BF85-8C4455D47C73}"
EndProject
Project("{9A19103F-16F7-4668-BE54-9A1E7A4F7556}") = "BeetleX", "BeetleX\BeetleX.csproj", "{9748690F-DD6F-4931-9A33-B09B218D1A55}"
EndProject
Project("{2150E333-8FDC-42A3-9474-1A3956D46DE8}") = "压力测试服务器", "压力测试服务器", "{BD953E94-CAE4-4DFA-AC0E-951C2E2633AC}"
EndProject
Project("{2150E333-8FDC-42A3-9474-1A3956D46DE8}") = "压力测试工具", "压力测试工具", "{97EB21C2-1BD6-4BFF-9009-991C7287503E}"
EndProject
Project("{FAE04EC0-301F-11D3-BF4B-00C04F79EFBC}") = "Azylee.Core", "Azylee.Core\Azylee.Core.csproj", "{88DC61FA-95F0-41B7-9D7D-AB0F3CBD169C}"
EndProject
Global
	GlobalSection(SolutionConfigurationPlatforms) = preSolution
		Debug|Any CPU = Debug|Any CPU
		Release|Any CPU = Release|Any CPU
	EndGlobalSection
	GlobalSection(ProjectConfigurationPlatforms) = postSolution
		{BA26AC21-07A0-4D41-AEB3-4124A1DED22F}.Debug|Any CPU.ActiveCfg = Debug|Any CPU
		{BA26AC21-07A0-4D41-AEB3-4124A1DED22F}.Debug|Any CPU.Build.0 = Debug|Any CPU
		{BA26AC21-07A0-4D41-AEB3-4124A1DED22F}.Release|Any CPU.ActiveCfg = Release|Any CPU
		{BA26AC21-07A0-4D41-AEB3-4124A1DED22F}.Release|Any CPU.Build.0 = Release|Any CPU
		{0F2DE26F-7458-46DB-BF85-8C4455D47C73}.Debug|Any CPU.ActiveCfg = Debug|Any CPU
		{0F2DE26F-7458-46DB-BF85-8C4455D47C73}.Debug|Any CPU.Build.0 = Debug|Any CPU
		{0F2DE26F-7458-46DB-BF85-8C4455D47C73}.Release|Any CPU.ActiveCfg = Release|Any CPU
		{0F2DE26F-7458-46DB-BF85-8C4455D47C73}.Release|Any CPU.Build.0 = Release|Any CPU
		{9748690F-DD6F-4931-9A33-B09B218D1A55}.Debug|Any CPU.ActiveCfg = Debug|Any CPU
		{9748690F-DD6F-4931-9A33-B09B218D1A55}.Debug|Any CPU.Build.0 = Debug|Any CPU
		{9748690F-DD6F-4931-9A33-B09B218D1A55}.Release|Any CPU.ActiveCfg = Release|Any CPU
		{9748690F-DD6F-4931-9A33-B09B218D1A55}.Release|Any CPU.Build.0 = Release|Any CPU
		{88DC61FA-95F0-41B7-9D7D-AB0F3CBD169C}.Debug|Any CPU.ActiveCfg = Debug|Any CPU
		{88DC61FA-95F0-41B7-9D7D-AB0F3CBD169C}.Debug|Any CPU.Build.0 = Debug|Any CPU
		{88DC61FA-95F0-41B7-9D7D-AB0F3CBD169C}.Release|Any CPU.ActiveCfg = Release|Any CPU
		{88DC61FA-95F0-41B7-9D7D-AB0F3CBD169C}.Release|Any CPU.Build.0 = Release|Any CPU
	EndGlobalSection
	GlobalSection(SolutionProperties) = preSolution
		HideSolutionNode = FALSE
	EndGlobalSection
	GlobalSection(NestedProjects) = preSolution
		{BA26AC21-07A0-4D41-AEB3-4124A1DED22F} = {97EB21C2-1BD6-4BFF-9009-991C7287503E}
		{0F2DE26F-7458-46DB-BF85-8C4455D47C73} = {BD953E94-CAE4-4DFA-AC0E-951C2E2633AC}
		{9748690F-DD6F-4931-9A33-B09B218D1A55} = {97EB21C2-1BD6-4BFF-9009-991C7287503E}
		{88DC61FA-95F0-41B7-9D7D-AB0F3CBD169C} = {97EB21C2-1BD6-4BFF-9009-991C7287503E}
	EndGlobalSection
	GlobalSection(ExtensibilityGlobals) = postSolution
		SolutionGuid = {98E5904A-8F03-4E70-9EE9-0299E7A89F32}
	EndGlobalSection
EndGlobal
